PODS:
  - Flutter (1.0.0)
  - flutter_twilio_voice (0.0.2):
    - Flutter
    - TwilioVoice (~> 4.1)
  - TwilioVoice (4.1.0)

DEPENDENCIES:
  - Flutter (from `.symlinks/flutter/ios`)
  - flutter_twilio_voice (from `.symlinks/plugins/flutter_twilio_voice/ios`)

SPEC REPOS:
  https://github.com/cocoapods/specs.git:
    - TwilioVoice

EXTERNAL SOURCES:
  Flutter:
    :path: ".symlinks/flutter/ios"
  flutter_twilio_voice:
    :path: ".symlinks/plugins/flutter_twilio_voice/ios"

SPEC CHECKSUMS:
  Flutter: 58dd7d1b27887414a370fcccb9e645c08ffd7a6a
  flutter_twilio_voice: 16a9c30db5ed1914ec622d8cb82515056ff55cc0
  TwilioVoice: f02ca9098bd746c9eeb4b9888998aa74cd17f3b8

PODFILE CHECKSUM: 57404445183a62c76f3fc9efaf2238cd4f60c3b9

COCOAPODS: 1.7.4
